
Microsoft Visual Studio Solution File, Format Version 12.00
# Visual Studio Version 16
VisualStudioVersion = 16.0.30717.126
MinimumVisualStudioVersion = 10.0.40219.1
Project("{FAE04EC0-301F-11D3-BF4B-00C04F79EFBC}") = "ContactsApp", "ContactsApp\ContactsApp.csproj", "{0D624375-7D3F-4027-8FA9-18CA03CC7302}"
EndProject
Project("{FAE04EC0-301F-11D3-BF4B-00C04F79EFBC}") = "ContactsAppUI", "ContactsAppUI\ContactsAppUI.csproj", "{1254C312-2DCC-492E-8DA9-AC5857E5B3B4}"
EndProject
Project("{FAE04EC0-301F-11D3-BF4B-00C04F79EFBC}") = "ViewModel", "ViewModel\ViewModel.csproj", "{36DF1E21-A57D-4008-AAB0-22989AC3DF1B}"
EndProject
Global
	GlobalSection(SolutionConfigurationPlatforms) = preSolution
		Debug|Any CPU = Debug|Any CPU
		Release|Any CPU = Release|Any CPU
	EndGlobalSection
	GlobalSection(ProjectConfigurationPlatforms) = postSolution
		{0D624375-7D3F-4027-8FA9-18CA03CC7302}.Debug|Any CPU.ActiveCfg = Debug|Any CPU
		{0D624375-7D3F-4027-8FA9-18CA03CC7302}.Debug|Any CPU.Build.0 = Debug|Any CPU
		{0D624375-7D3F-4027-8FA9-18CA03CC7302}.Release|Any CPU.ActiveCfg = Release|Any CPU
		{0D624375-7D3F-4027-8FA9-18CA03CC7302}.Release|Any CPU.Build.0 = Release|Any CPU
		{1254C312-2DCC-492E-8DA9-AC5857E5B3B4}.Debug|Any CPU.ActiveCfg = Debug|Any CPU
		{1254C312-2DCC-492E-8DA9-AC5857E5B3B4}.Debug|Any CPU.Build.0 = Debug|Any CPU
		{1254C312-2DCC-492E-8DA9-AC5857E5B3B4}.Release|Any CPU.ActiveCfg = Release|Any CPU
		{1254C312-2DCC-492E-8DA9-AC5857E5B3B4}.Release|Any CPU.Build.0 = Release|Any CPU
		{36DF1E21-A57D-4008-AAB0-22989AC3DF1B}.Debug|Any CPU.ActiveCfg = Debug|Any CPU
		{36DF1E21-A57D-4008-AAB0-22989AC3DF1B}.Debug|Any CPU.Build.0 = Debug|Any CPU
		{36DF1E21-A57D-4008-AAB0-22989AC3DF1B}.Release|Any CPU.ActiveCfg = Release|Any CPU
		{36DF1E21-A57D-4008-AAB0-22989AC3DF1B}.Release|Any CPU.Build.0 = Release|Any CPU
	EndGlobalSection
	GlobalSection(SolutionProperties) = preSolution
		HideSolutionNode = FALSE
	EndGlobalSection
	GlobalSection(ExtensibilityGlobals) = postSolution
		SolutionGuid = {5A7F075B-3AE5-4068-B464-DBE724FB24D0}
	EndGlobalSection
EndGlobal
